// !$*UTF8*$!
{
	archiveVersion = 1;
	classes = {
	};
	objectVersion = 55;
	objects = {

/* Begin PBXBuildFile section */
		0662E1FC28A27DF400D5E17A /* AppDelegate.swift in Sources */ = {isa = PBXBuildFile; fileRef = 0662E1FB28A27DF400D5E17A /* AppDelegate.swift */; };
		0662E1FE28A27DF400D5E17A /* SceneDelegate.swift in Sources */ = {isa = PBXBuildFile; fileRef = 0662E1FD28A27DF400D5E17A /* SceneDelegate.swift */; };
		0662E20028A27DF400D5E17A /* WelcomeViewController.swift in Sources */ = {isa = PBXBuildFile; fileRef = 0662E1FF28A27DF400D5E17A /* WelcomeViewController.swift */; };
		0662E20328A27DF400D5E17A /* Main.storyboard in Resources */ = {isa = PBXBuildFile; fileRef = 0662E20128A27DF400D5E17A /* Main.storyboard */; };
		0662E20528A27DF700D5E17A /* Assets.xcassets in Resources */ = {isa = PBXBuildFile; fileRef = 0662E20428A27DF700D5E17A /* Assets.xcassets */; };
		0662E20828A27DF700D5E17A /* LaunchScreen.storyboard in Resources */ = {isa = PBXBuildFile; fileRef = 0662E20628A27DF700D5E17A /* LaunchScreen.storyboard */; };
		0662E21028A28FB200D5E17A /* GoogleService-Info.plist in Resources */ = {isa = PBXBuildFile; fileRef = 0662E20F28A28FB100D5E17A /* GoogleService-Info.plist */; };
		0662E21828A2A0A900D5E17A /* RegisterViewController.swift in Sources */ = {isa = PBXBuildFile; fileRef = 0662E21728A2A0A900D5E17A /* RegisterViewController.swift */; };
		0662E21A28A2EE8B00D5E17A /* LoginViewController.swift in Sources */ = {isa = PBXBuildFile; fileRef = 0662E21928A2EE8B00D5E17A /* LoginViewController.swift */; };
		0662E21C28A2F3BB00D5E17A /* DashboardViewController.swift in Sources */ = {isa = PBXBuildFile; fileRef = 0662E21B28A2F3BB00D5E17A /* DashboardViewController.swift */; };
		0662E22128A37CA100D5E17A /* Messege.swift in Sources */ = {isa = PBXBuildFile; fileRef = 0662E22028A37CA100D5E17A /* Messege.swift */; };
		068C4A7C28A3904B00FAF91F /* DisplayCell.swift in Sources */ = {isa = PBXBuildFile; fileRef = 068C4A7A28A3904A00FAF91F /* DisplayCell.swift */; };
		068C4A7D28A3904B00FAF91F /* DisplayCell.xib in Resources */ = {isa = PBXBuildFile; fileRef = 068C4A7B28A3904B00FAF91F /* DisplayCell.xib */; };
		92089562A5116219F3129BD7 /* Pods_Shooooping.framework in Frameworks */ = {isa = PBXBuildFile; fileRef = 7272563FEDCA7BD4CC49F927 /* Pods_Shooooping.framework */; };
/* End PBXBuildFile section */

/* Begin PBXFileReference section */
		0662E1F828A27DF400D5E17A /* Shooooping.app */ = {isa = PBXFileReference; explicitFileType = wrapper.application; includeInIndex = 0; path = Shooooping.app; sourceTree = BUILT_PRODUCTS_DIR; };
		0662E1FB28A27DF400D5E17A /* AppDelegate.swift */ = {isa = PBXFileReference; lastKnownFileType = sourcecode.swift; path = AppDelegate.swift; sourceTree = "<group>"; };
		0662E1FD28A27DF400D5E17A /* SceneDelegate.swift */ = {isa = PBXFileReference; lastKnownFileType = sourcecode.swift; path = SceneDelegate.swift; sourceTree = "<group>"; };
		0662E1FF28A27DF400D5E17A /* WelcomeViewController.swift */ = {isa = PBXFileReference; lastKnownFileType = sourcecode.swift; path = WelcomeViewController.swift; sourceTree = "<group>"; };
		0662E20228A27DF400D5E17A /* Base */ = {isa = PBXFileReference; lastKnownFileType = file.storyboard; name = Base; path = Base.lproj/Main.storyboard; sourceTree = "<group>"; };
		0662E20428A27DF700D5E17A /* Assets.xcassets */ = {isa = PBXFileReference; lastKnownFileType = folder.assetcatalog; path = Assets.xcassets; sourceTree = "<group>"; };
		0662E20728A27DF700D5E17A /* Base */ = {isa = PBXFileReference; lastKnownFileType = file.storyboard; name = Base; path = Base.lproj/LaunchScreen.storyboard; sourceTree = "<group>"; };
		0662E20928A27DF700D5E17A /* Info.plist */ = {isa = PBXFileReference; lastKnownFileType = text.plist.xml; path = Info.plist; sourceTree = "<group>"; };
		0662E20F28A28FB100D5E17A /* GoogleService-Info.plist */ = {isa = PBXFileReference; fileEncoding = 4; lastKnownFileType = text.plist.xml; path = "GoogleService-Info.plist"; sourceTree = "<group>"; };
		0662E21728A2A0A900D5E17A /* RegisterViewController.swift */ = {isa = PBXFileReference; lastKnownFileType = sourcecode.swift; path = RegisterViewController.swift; sourceTree = "<group>"; };
		0662E21928A2EE8B00D5E17A /* LoginViewController.swift */ = {isa = PBXFileReference; lastKnownFileType = sourcecode.swift; path = LoginViewController.swift; sourceTree = "<group>"; };
		0662E21B28A2F3BB00D5E17A /* DashboardViewController.swift */ = {isa = PBXFileReference; lastKnownFileType = sourcecode.swift; path = DashboardViewController.swift; sourceTree = "<group>"; };
		0662E22028A37CA100D5E17A /* Messege.swift */ = {isa = PBXFileReference; lastKnownFileType = sourcecode.swift; path = Messege.swift; sourceTree = "<group>"; };
		068C4A7A28A3904A00FAF91F /* DisplayCell.swift */ = {isa = PBXFileReference; lastKnownFileType = sourcecode.swift; path = DisplayCell.swift; sourceTree = "<group>"; };
		068C4A7B28A3904B00FAF91F /* DisplayCell.xib */ = {isa = PBXFileReference; lastKnownFileType = file.xib; path = DisplayCell.xib; sourceTree = "<group>"; };
		30B42CE9AA526CF48A36EE20 /* Pods-Shooooping.release.xcconfig */ = {isa = PBXFileReference; includeInIndex = 1; lastKnownFileType = text.xcconfig; name = "Pods-Shooooping.release.xcconfig"; path = "Target Support Files/Pods-Shooooping/Pods-Shooooping.release.xcconfig"; sourceTree = "<group>"; };
		7272563FEDCA7BD4CC49F927 /* Pods_Shooooping.framework */ = {isa = PBXFileReference; explicitFileType = wrapper.framework; includeInIndex = 0; path = Pods_Shooooping.framework; sourceTree = BUILT_PRODUCTS_DIR; };
		FC73AFBB976042EDCC58B89C /* Pods-Shooooping.debug.xcconfig */ = {isa = PBXFileReference; includeInIndex = 1; lastKnownFileType = text.xcconfig; name = "Pods-Shooooping.debug.xcconfig"; path = "Target Support Files/Pods-Shooooping/Pods-Shooooping.debug.xcconfig"; sourceTree = "<group>"; };
/* End PBXFileReference section */

/* Begin PBXFrameworksBuildPhase section */
		0662E1F528A27DF400D5E17A /* Frameworks */ = {
			isa = PBXFrameworksBuildPhase;
			buildActionMask = 2147483647;
			files = (
				92089562A5116219F3129BD7 /* Pods_Shooooping.framework in Frameworks */,
			);
			runOnlyForDeploymentPostprocessing = 0;
		};
/* End PBXFrameworksBuildPhase section */

/* Begin PBXGroup section */
		0662E1EF28A27DF400D5E17A = {
			isa = PBXGroup;
			children = (
				0662E1FA28A27DF400D5E17A /* Shooooping */,
				0662E1F928A27DF400D5E17A /* Products */,
				247EB4AD20815D03553F38BA /* Pods */,
				A11F7D6EF79F132FE2F056EC /* Frameworks */,
			);
			sourceTree = "<group>";
		};
		0662E1F928A27DF400D5E17A /* Products */ = {
			isa = PBXGroup;
			children = (
				0662E1F828A27DF400D5E17A /* Shooooping.app */,
			);
			name = Products;
			sourceTree = "<group>";
		};
		0662E1FA28A27DF400D5E17A /* Shooooping */ = {
			isa = PBXGroup;
			children = (
				0662E1FB28A27DF400D5E17A /* AppDelegate.swift */,
				0662E1FD28A27DF400D5E17A /* SceneDelegate.swift */,
				0662E22028A37CA100D5E17A /* Messege.swift */,
				0662E1FF28A27DF400D5E17A /* WelcomeViewController.swift */,
				0662E21928A2EE8B00D5E17A /* LoginViewController.swift */,
				0662E21B28A2F3BB00D5E17A /* DashboardViewController.swift */,
				0662E21728A2A0A900D5E17A /* RegisterViewController.swift */,
				0662E20428A27DF700D5E17A /* Assets.xcassets */,
				0662E20128A27DF400D5E17A /* Main.storyboard */,
				068C4A7A28A3904A00FAF91F /* DisplayCell.swift */,
				068C4A7B28A3904B00FAF91F /* DisplayCell.xib */,
				0662E20F28A28FB100D5E17A /* GoogleService-Info.plist */,
				0662E20628A27DF700D5E17A /* LaunchScreen.storyboard */,
				0662E20928A27DF700D5E17A /* Info.plist */,
			);
			path = Shooooping;
			sourceTree = "<group>";
		};
		247EB4AD20815D03553F38BA /* Pods */ = {
			isa = PBXGroup;
			children = (
				FC73AFBB976042EDCC58B89C /* Pods-Shooooping.debug.xcconfig */,
				30B42CE9AA526CF48A36EE20 /* Pods-Shooooping.release.xcconfig */,
			);
			path = Pods;
			sourceTree = "<group>";
		};
		A11F7D6EF79F132FE2F056EC /* Frameworks */ = {
			isa = PBXGroup;
			children = (
				7272563FEDCA7BD4CC49F927 /* Pods_Shooooping.framework */,
			);
			name = Frameworks;
			sourceTree = "<group>";
		};
/* End PBXGroup section */

/* Begin PBXNativeTarget section */
		0662E1F728A27DF400D5E17A /* Shooooping */ = {
			isa = PBXNativeTarget;
			buildConfigurationList = 0662E20C28A27DF700D5E17A /* Build configuration list for PBXNativeTarget "Shooooping" */;
			buildPhases = (
				0A2A2E63CD2A4E1DF116FBE1 /* [CP] Check Pods Manifest.lock */,
				0662E1F428A27DF400D5E17A /* Sources */,
				0662E1F528A27DF400D5E17A /* Frameworks */,
				0662E1F628A27DF400D5E17A /* Resources */,
				89A125BDD8334560C86AC480 /* [CP] Embed Pods Frameworks */,
			);
			buildRules = (
			);
			dependencies = (
			);
			name = Shooooping;
			productName = Shooooping;
			productReference = 0662E1F828A27DF400D5E17A /* Shooooping.app */;
			productType = "com.apple.product-type.application";
		};
/* End PBXNativeTarget section */

/* Begin PBXProject section */
		0662E1F028A27DF400D5E17A /* Project object */ = {
			isa = PBXProject;
			attributes = {
				BuildIndependentTargetsInParallel = 1;
				LastSwiftUpdateCheck = 1310;
				LastUpgradeCheck = 1310;
				TargetAttributes = {
					0662E1F728A27DF400D5E17A = {
						CreatedOnToolsVersion = 13.1;
					};
				};
			};
			buildConfigurationList = 0662E1F328A27DF400D5E17A /* Build configuration list for PBXProject "Shooooping" */;
			compatibilityVersion = "Xcode 13.0";
			developmentRegion = en;
			hasScannedForEncodings = 0;
			knownRegions = (
				en,
				Base,
			);
			mainGroup = 0662E1EF28A27DF400D5E17A;
			productRefGroup = 0662E1F928A27DF400D5E17A /* Products */;
			projectDirPath = "";
			projectRoot = "";
			targets = (
				0662E1F728A27DF400D5E17A /* Shooooping */,
			);
		};
/* End PBXProject section */

/* Begin PBXResourcesBuildPhase section */
		0662E1F628A27DF400D5E17A /* Resources */ = {
			isa = PBXResourcesBuildPhase;
			buildActionMask = 2147483647;
			files = (
				0662E20828A27DF700D5E17A /* LaunchScreen.storyboard in Resources */,
				068C4A7D28A3904B00FAF91F /* DisplayCell.xib in Resources */,
				0662E21028A28FB200D5E17A /* GoogleService-Info.plist in Resources */,
				0662E20528A27DF700D5E17A /* Assets.xcassets in Resources */,
				0662E20328A27DF400D5E17A /* Main.storyboard in Resources */,
			);
			runOnlyForDeploymentPostprocessing = 0;
		};
/* End PBXResourcesBuildPhase section */

/* Begin PBXShellScriptBuildPhase section */
		0A2A2E63CD2A4E1DF116FBE1 /* [CP] Check Pods Manifest.lock */ = {
			isa = PBXShellScriptBuildPhase;
			buildActionMask = 2147483647;
			files = (
			);
			inputFileListPaths = (
			);
			inputPaths = (
				"${PODS_PODFILE_DIR_PATH}/Podfile.lock",
				"${PODS_ROOT}/Manifest.lock",
			);
			name = "[CP] Check Pods Manifest.lock";
			outputFileListPaths = (
			);
			outputPaths = (
				"$(DERIVED_FILE_DIR)/Pods-Shooooping-checkManifestLockResult.txt",
			);
			runOnlyForDeploymentPostprocessing = 0;
			shellPath = /bin/sh;
			shellScript = "diff \"${PODS_PODFILE_DIR_PATH}/Podfile.lock\" \"${PODS_ROOT}/Manifest.lock\" > /dev/null\nif [ $? != 0 ] ; then\n    # print error to STDERR\n    echo \"error: The sandbox is not in sync with the Podfile.lock. Run 'pod install' or update your CocoaPods installation.\" >&2\n    exit 1\nfi\n# This output is used by Xcode 'outputs' to avoid re-running this script phase.\necho \"SUCCESS\" > \"${SCRIPT_OUTPUT_FILE_0}\"\n";
			showEnvVarsInLog = 0;
		};
		89A125BDD8334560C86AC480 /* [CP] Embed Pods Frameworks */ = {
			isa = PBXShellScriptBuildPhase;
			buildActionMask = 2147483647;
			files = (
			);
			inputFileListPaths = (
				"${PODS_ROOT}/Target Support Files/Pods-Shooooping/Pods-Shooooping-frameworks-${CONFIGURATION}-input-files.xcfilelist",
			);
			name = "[CP] Embed Pods Frameworks";
			outputFileListPaths = (
				"${PODS_ROOT}/Target Support Files/Pods-Shooooping/Pods-Shooooping-frameworks-${CONFIGURATION}-output-files.xcfilelist",
			);
			runOnlyForDeploymentPostprocessing = 0;
			shellPath = /bin/sh;
			shellScript = "\"${PODS_ROOT}/Target Support Files/Pods-Shooooping/Pods-Shooooping-frameworks.sh\"\n";
			showEnvVarsInLog = 0;
		};
/* End PBXShellScriptBuildPhase section */

/* Begin PBXSourcesBuildPhase section */
		0662E1F428A27DF400D5E17A /* Sources */ = {
			isa = PBXSourcesBuildPhase;
			buildActionMask = 2147483647;
			files = (
				0662E20028A27DF400D5E17A /* WelcomeViewController.swift in Sources */,
				0662E21C28A2F3BB00D5E17A /* DashboardViewController.swift in Sources */,
				068C4A7C28A3904B00FAF91F /* DisplayCell.swift in Sources */,
				0662E1FC28A27DF400D5E17A /* AppDelegate.swift in Sources */,
				0662E1FE28A27DF400D5E17A /* SceneDelegate.swift in Sources */,
				0662E22128A37CA100D5E17A /* Messege.swift in Sources */,
				0662E21A28A2EE8B00D5E17A /* LoginViewController.swift in Sources */,
				0662E21828A2A0A900D5E17A /* RegisterViewController.swift in Sources */,
			);
			runOnlyForDeploymentPostprocessing = 0;
		};
/* End PBXSourcesBuildPhase section */

/* Begin PBXVariantGroup section */
		0662E20128A27DF400D5E17A /* Main.storyboard */ = {
			isa = PBXVariantGroup;
			children = (
				0662E20228A27DF400D5E17A /* Base */,
			);
			name = Main.storyboard;
			sourceTree = "<group>";
		};
		0662E20628A27DF700D5E17A /* LaunchScreen.storyboard */ = {
			isa = PBXVariantGroup;
			children = (
				0662E20728A27DF700D5E17A /* Base */,
			);
			name = LaunchScreen.storyboard;
			sourceTree = "<group>";
		};
/* End PBXVariantGroup section */

/* Begin XCBuildConfiguration section */
		0662E20A28A27DF700D5E17A /* Debug */ = {
			isa = XCBuildConfiguration;
			buildSettings = {
				ALWAYS_SEARCH_USER_PATHS = NO;
				CLANG_ANALYZER_NONNULL = YES;
				CLANG_ANALYZER_NUMBER_OBJECT_CONVERSION = YES_AGGRESSIVE;
				CLANG_CXX_LANGUAGE_STANDARD = "gnu++17";
				CLANG_CXX_LIBRARY = "libc++";
				CLANG_ENABLE_MODULES = YES;
				CLANG_ENABLE_OBJC_ARC = YES;
				CLANG_ENABLE_OBJC_WEAK = YES;
				CLANG_WARN_BLOCK_CAPTURE_AUTORELEASING = YES;
				CLANG_WARN_BOOL_CONVERSION = YES;
				CLANG_WARN_COMMA = YES;
				CLANG_WARN_CONSTANT_CONVERSION = YES;
				CLANG_WARN_DEPRECATED_OBJC_IMPLEMENTATIONS = YES;
				CLANG_WARN_DIRECT_OBJC_ISA_USAGE = YES_ERROR;
				CLANG_WARN_DOCUMENTATION_COMMENTS = YES;
				CLANG_WARN_EMPTY_BODY = YES;
				CLANG_WARN_ENUM_CONVERSION = YES;
				CLANG_WARN_INFINITE_RECURSION = YES;
				CLANG_WARN_INT_CONVERSION = YES;
				CLANG_WARN_NON_LITERAL_NULL_CONVERSION = YES;
				CLANG_WARN_OBJC_IMPLICIT_RETAIN_SELF = YES;
				CLANG_WARN_OBJC_LITERAL_CONVERSION = YES;
				CLANG_WARN_OBJC_ROOT_CLASS = YES_ERROR;
				CLANG_WARN_QUOTED_INCLUDE_IN_FRAMEWORK_HEADER = YES;
				CLANG_WARN_RANGE_LOOP_ANALYSIS = YES;
				CLANG_WARN_STRICT_PROTOTYPES = YES;
				CLANG_WARN_SUSPICIOUS_MOVE = YES;
				CLANG_WARN_UNGUARDED_AVAILABILITY = YES_AGGRESSIVE;
				CLANG_WARN_UNREACHABLE_CODE = YES;
				CLANG_WARN__DUPLICATE_METHOD_MATCH = YES;
				COPY_PHASE_STRIP = NO;
				DEBUG_INFORMATION_FORMAT = dwarf;
				ENABLE_STRICT_OBJC_MSGSEND = YES;
				ENABLE_TESTABILITY = YES;
				GCC_C_LANGUAGE_STANDARD = gnu11;
				GCC_DYNAMIC_NO_PIC = NO;
				GCC_NO_COMMON_BLOCKS = YES;
				GCC_OPTIMIZATION_LEVEL = 0;
				GCC_PREPROCESSOR_DEFINITIONS = (
					"DEBUG=1",
					"$(inherited)",
				);
				GCC_WARN_64_TO_32_BIT_CONVERSION = YES;
				GCC_WARN_ABOUT_RETURN_TYPE = YES_ERROR;
				GCC_WARN_UNDECLARED_SELECTOR = YES;
				GCC_WARN_UNINITIALIZED_AUTOS = YES_AGGRESSIVE;
				GCC_WARN_UNUSED_FUNCTION = YES;
				GCC_WARN_UNUSED_VARIABLE = YES;
				IPHONEOS_DEPLOYMENT_TARGET = 15.0;
				MTL_ENABLE_DEBUG_INFO = INCLUDE_SOURCE;
				MTL_FAST_MATH = YES;
				ONLY_ACTIVE_ARCH = YES;
				SDKROOT = iphoneos;
				SWIFT_ACTIVE_COMPILATION_CONDITIONS = DEBUG;
				SWIFT_OPTIMIZATION_LEVEL = "-Onone";
			};
			name = Debug;
		};
		0662E20B28A27DF700D5E17A /* Release */ = {
			isa = XCBuildConfiguration;
			buildSettings = {
				ALWAYS_SEARCH_USER_PATHS = NO;
				CLANG_ANALYZER_NONNULL = YES;
				CLANG_ANALYZER_NUMBER_OBJECT_CONVERSION = YES_AGGRESSIVE;
				CLANG_CXX_LANGUAGE_STANDARD = "gnu++17";
				CLANG_CXX_LIBRARY = "libc++";
				CLANG_ENABLE_MODULES = YES;
				CLANG_ENABLE_OBJC_ARC = YES;
				CLANG_ENABLE_OBJC_WEAK = YES;
				CLANG_WARN_BLOCK_CAPTURE_AUTORELEASING = YES;
				CLANG_WARN_BOOL_CONVERSION = YES;
				CLANG_WARN_COMMA = YES;
				CLANG_WARN_CONSTANT_CONVERSION = YES;
				CLANG_WARN_DEPRECATED_OBJC_IMPLEMENTATIONS = YES;
				CLANG_WARN_DIRECT_OBJC_ISA_USAGE = YES_ERROR;
				CLANG_WARN_DOCUMENTATION_COMMENTS = YES;
				CLANG_WARN_EMPTY_BODY = YES;
				CLANG_WARN_ENUM_CONVERSION = YES;
				CLANG_WARN_INFINITE_RECURSION = YES;
				CLANG_WARN_INT_CONVERSION = YES;
				CLANG_WARN_NON_LITERAL_NULL_CONVERSION = YES;
				CLANG_WARN_OBJC_IMPLICIT_RETAIN_SELF = YES;
				CLANG_WARN_OBJC_LITERAL_CONVERSION = YES;
				CLANG_WARN_OBJC_ROOT_CLASS = YES_ERROR;
				CLANG_WARN_QUOTED_INCLUDE_IN_FRAMEWORK_HEADER = YES;
				CLANG_WARN_RANGE_LOOP_ANALYSIS = YES;
				CLANG_WARN_STRICT_PROTOTYPES = YES;
				CLANG_WARN_SUSPICIOUS_MOVE = YES;
				CLANG_WARN_UNGUARDED_AVAILABILITY = YES_AGGRESSIVE;
				CLANG_WARN_UNREACHABLE_CODE = YES;
				CLANG_WARN__DUPLICATE_METHOD_MATCH = YES;
				COPY_PHASE_STRIP = NO;
				DEBUG_INFORMATION_FORMAT = "dwarf-with-dsym";
				ENABLE_NS_ASSERTIONS = NO;
				ENABLE_STRICT_OBJC_MSGSEND = YES;
				GCC_C_LANGUAGE_STANDARD = gnu11;
				GCC_NO_COMMON_BLOCKS = YES;
				GCC_WARN_64_TO_32_BIT_CONVERSION = YES;
				GCC_WARN_ABOUT_RETURN_TYPE = YES_ERROR;
				GCC_WARN_UNDECLARED_SELECTOR = YES;
				GCC_WARN_UNINITIALIZED_AUTOS = YES_AGGRESSIVE;
				GCC_WARN_UNUSED_FUNCTION = YES;
				GCC_WARN_UNUSED_VARIABLE = YES;
				IPHONEOS_DEPLOYMENT_TARGET = 15.0;
				MTL_ENABLE_DEBUG_INFO = NO;
				MTL_FAST_MATH = YES;
				SDKROOT = iphoneos;
				SWIFT_COMPILATION_MODE = wholemodule;
				SWIFT_OPTIMIZATION_LEVEL = "-O";
				VALIDATE_PRODUCT = YES;
			};
			name = Release;
		};
		0662E20D28A27DF700D5E17A /* Debug */ = {
			isa = XCBuildConfiguration;
			baseConfigurationReference = FC73AFBB976042EDCC58B89C /* Pods-Shooooping.debug.xcconfig */;
			buildSettings = {
				ASSETCATALOG_COMPILER_APPICON_NAME = AppIcon;
				ASSETCATALOG_COMPILER_GLOBAL_ACCENT_COLOR_NAME = AccentColor;
				CODE_SIGN_STYLE = Automatic;
				CURRENT_PROJECT_VERSION = 1;
				GENERATE_INFOPLIST_FILE = YES;
				INFOPLIST_FILE = Shooooping/Info.plist;
				INFOPLIST_KEY_UIApplicationSupportsIndirectInputEvents = YES;
				INFOPLIST_KEY_UILaunchStoryboardName = LaunchScreen;
				INFOPLIST_KEY_UIMainStoryboardFile = Main;
				INFOPLIST_KEY_UISupportedInterfaceOrientations_iPad = "UIInterfaceOrientationPortrait UIInterfaceOrientationPortraitUpsideDown UIInterfaceOrientationLandscapeLeft UIInterfaceOrientationLandscapeRight";
				INFOPLIST_KEY_UISupportedInterfaceOrientations_iPhone = "UIInterfaceOrientationPortrait UIInterfaceOrientationLandscapeLeft UIInterfaceOrientationLandscapeRight";
				LD_RUNPATH_SEARCH_PATHS = (
					"$(inherited)",
					"@executable_path/Frameworks",
				);
				MARKETING_VERSION = 1.0;
				PRODUCT_BUNDLE_IDENTIFIER = com.jiteshagg.Shooooping;
				PRODUCT_NAME = "$(TARGET_NAME)";
				SWIFT_EMIT_LOC_STRINGS = YES;
				SWIFT_VERSION = 5.0;
				TARGETED_DEVICE_FAMILY = "1,2";
			};
			name = Debug;
		};
		0662E20E28A27DF700D5E17A /* Release */ = {
			isa = XCBuildConfiguration;
			baseConfigurationReference = 30B42CE9AA526CF48A36EE20 /* Pods-Shooooping.release.xcconfig */;
			buildSettings = {
				ASSETCATALOG_COMPILER_APPICON_NAME = AppIcon;
				ASSETCATALOG_COMPILER_GLOBAL_ACCENT_COLOR_NAME = AccentColor;
				CODE_SIGN_STYLE = Automatic;
				CURRENT_PROJECT_VERSION = 1;
				GENERATE_INFOPLIST_FILE = YES;
				INFOPLIST_FILE = Shooooping/Info.plist;
				INFOPLIST_KEY_UIApplicationSupportsIndirectInputEvents = YES;
				INFOPLIST_KEY_UILaunchStoryboardName = LaunchScreen;
				INFOPLIST_KEY_UIMainStoryboardFile = Main;
				INFOPLIST_KEY_UISupportedInterfaceOrientations_iPad = "UIInterfaceOrientationPortrait UIInterfaceOrientationPortraitUpsideDown UIInterfaceOrientationLandscapeLeft UIInterfaceOrientationLandscapeRight";
				INFOPLIST_KEY_UISupportedInterfaceOrientations_iPhone = "UIInterfaceOrientationPortrait UIInterfaceOrientationLandscapeLeft UIInterfaceOrientationLandscapeRight";
				LD_RUNPATH_SEARCH_PATHS = (
					"$(inherited)",
					"@executable_path/Frameworks",
				);
				MARKETING_VERSION = 1.0;
				PRODUCT_BUNDLE_IDENTIFIER = com.jiteshagg.Shooooping;
				PRODUCT_NAME = "$(TARGET_NAME)";
				SWIFT_EMIT_LOC_STRINGS = YES;
				SWIFT_VERSION = 5.0;
				TARGETED_DEVICE_FAMILY = "1,2";
			};
			name = Release;
		};
/* End XCBuildConfiguration section */

/* Begin XCConfigurationList section */
		0662E1F328A27DF400D5E17A /* Build configuration list for PBXProject "Shooooping" */ = {
			isa = XCConfigurationList;
			buildConfigurations = (
				0662E20A28A27DF700D5E17A /* Debug */,
				0662E20B28A27DF700D5E17A /* Release */,
			);
			defaultConfigurationIsVisible = 0;
			defaultConfigurationName = Release;
		};
		0662E20C28A27DF700D5E17A /* Build configuration list for PBXNativeTarget "Shooooping" */ = {
			isa = XCConfigurationList;
			buildConfigurations = (
				0662E20D28A27DF700D5E17A /* Debug */,
				0662E20E28A27DF700D5E17A /* Release */,
			);
			defaultConfigurationIsVisible = 0;
			defaultConfigurationName = Release;
		};
/* End XCConfigurationList section */
	};
	rootObject = 0662E1F028A27DF400D5E17A /* Project object */;
}
